<?xml version="1.0" encoding="utf-8"?>
<Project ToolsVersion="4.0" xmlns="http://schemas.microsoft.com/developer/msbuild/2003">
  <ItemGroup>
    <Filter Include="Source Files">
      <UniqueIdentifier>{4FC737F1-C7A5-4376-A066-2A32D752A2FF}</UniqueIdentifier>
      <Extensions>cpp;c;cc;cxx;def;odl;idl;hpj;bat;asm;asmx</Extensions>
    </Filter>
    <Filter Include="Resource Files">
      <UniqueIdentifier>{67DA6AB6-F800-4c08-8B7A-83BB121AAD01}</UniqueIdentifier>
      <Extensions>rc;ico;cur;bmp;dlg;rc2;rct;bin;rgs;gif;jpg;jpeg;jpe;resx;tiff;tif;png;wav;mfcribbon-ms</Extensions>
    </Filter>
    <Filter Include="Header Files">
      <UniqueIdentifier>{93995380-89BD-4b04-88EB-625FBE52EBFB}</UniqueIdentifier>
      <Extensions>h;hh;hpp;hxx;hm;inl;inc;xsd</Extensions>
    </Filter>
    <Filter Include="Header Files\Archive">
      <UniqueIdentifier>{b0ca45fb-1f54-4be6-ac47-a1ce6919c175}</UniqueIdentifier>
    </Filter>
    <Filter Include="Source Files\Param">
      <UniqueIdentifier>{e474c867-30dc-41d2-8624-2d7dcf1bffce}</UniqueIdentifier>
    </Filter>
    <Filter Include="Header Files\Param">
      <UniqueIdentifier>{59330031-fb4b-4650-a51b-cfb1504fdd9d}</UniqueIdentifier>
    </Filter>
    <Filter Include="Source Files\Archive">
      <UniqueIdentifier>{843ce87a-e7b0-4a29-ab66-f3662b183008}</UniqueIdentifier>
    </Filter>
    <Filter Include="Source Files\Save">
      <UniqueIdentifier>{d8123aeb-0cf0-432f-af58-daa92f8a5b23}</UniqueIdentifier>
    </Filter>
    <Filter Include="Header Files\Save">
      <UniqueIdentifier>{6e0475d4-581b-4f5b-b726-05afc0e71630}</UniqueIdentifier>
    </Filter>
    <Filter Include="Header Files\Param\Draw">
      <UniqueIdentifier>{244ee3e4-b348-43d8-b1a3-4124ad876306}</UniqueIdentifier>
    </Filter>
    <Filter Include="Header Files\Asset">
      <UniqueIdentifier>{f298df1f-f90d-4443-bece-29c0db1d36c5}</UniqueIdentifier>
    </Filter>
    <Filter Include="Header Files\Asset\Animation">
      <UniqueIdentifier>{d9e6390a-bc7c-4d38-abc7-8c4b03d78a36}</UniqueIdentifier>
    </Filter>
  </ItemGroup>
  <ItemGroup>
    <ClCompile Include="src\GameEnum.cpp">
      <Filter>Source Files</Filter>
    </ClCompile>
    <ClCompile Include="src\Archive\Dcx.cpp">
      <Filter>Source Files\Archive</Filter>
    </ClCompile>
    <ClCompile Include="src\Save\Sl2.cpp">
      <Filter>Source Files\Save</Filter>
    </ClCompile>
    <ClCompile Include="src\Param\Param.cpp">
      <Filter>Source Files\Param</Filter>
    </ClCompile>
    <ClCompile Include="src\FileUtil.cpp">
      <Filter>Source Files</Filter>
    </ClCompile>
    <ClCompile Include="src\Param\Params.cpp">
      <Filter>Source Files\Param</Filter>
    </ClCompile>
    <ClCompile Include="src\Save\aes.c">
      <Filter>Source Files\Save</Filter>
    </ClCompile>
  </ItemGroup>
  <ItemGroup>
    <ClInclude Include="include\FileList.h">
      <Filter>Header Files</Filter>
    </ClInclude>
    <ClInclude Include="include\GameEnum.h">
      <Filter>Header Files</Filter>
    </ClInclude>
    <ClInclude Include="include\Param\AIStandardInfo.h">
      <Filter>Header Files\Param</Filter>
    </ClInclude>
    <ClInclude Include="include\Param\Armor.h">
      <Filter>Header Files\Param</Filter>
    </ClInclude>
    <ClInclude Include="include\Param\BehaviorNPC.h">
      <Filter>Header Files\Param</Filter>
    </ClInclude>
    <ClInclude Include="include\Param\BehaviorPC.h">
      <Filter>Header Files\Param</Filter>
    </ClInclude>
    <ClInclude Include="include\Param\Bullet.h">
      <Filter>Header Files\Param</Filter>
    </ClInclude>
    <ClInclude Include="include\Param\CharInit.h">
      <Filter>Header Files\Param</Filter>
    </ClInclude>
    <ClInclude Include="include\Param\Param.h">
      <Filter>Header Files\Param</Filter>
    </ClInclude>
    <ClInclude Include="include\Param\ItemLot.h">
      <Filter>Header Files\Param</Filter>
    </ClInclude>
    <ClInclude Include="include\Param\Item.h">
      <Filter>Header Files\Param</Filter>
    </ClInclude>
    <ClInclude Include="include\Param\LockCam.h">
      <Filter>Header Files\Param</Filter>
    </ClInclude>
    <ClInclude Include="include\Param\Magic.h">
      <Filter>Header Files\Param</Filter>
    </ClInclude>
    <ClInclude Include="include\Param\MaterialSet.h">
      <Filter>Header Files\Param</Filter>
    </ClInclude>
    <ClInclude Include="include\Param\MenuColorTable.h">
      <Filter>Header Files\Param</Filter>
    </ClInclude>
    <ClInclude Include="include\Param\Move.h">
      <Filter>Header Files\Param</Filter>
    </ClInclude>
    <ClInclude Include="include\Param\NPC.h">
      <Filter>Header Files\Param</Filter>
    </ClInclude>
    <ClInclude Include="include\Param\NPCThink.h">
      <Filter>Header Files\Param</Filter>
    </ClInclude>
    <ClInclude Include="include\Param\ShopLineup.h">
      <Filter>Header Files\Param</Filter>
    </ClInclude>
    <ClInclude Include="include\Param\SpecialEffect.h">
      <Filter>Header Files\Param</Filter>
    </ClInclude>
    <ClInclude Include="include\Param\SpecialEffectVFX.h">
      <Filter>Header Files\Param</Filter>
    </ClInclude>
    <ClInclude Include="include\Param\Throw.h">
      <Filter>Header Files\Param</Filter>
    </ClInclude>
    <ClInclude Include="include\Param\Weapon.h">
      <Filter>Header Files\Param</Filter>
    </ClInclude>
    <ClInclude Include="include\Archive\Dcx.h">
      <Filter>Header Files\Archive</Filter>
    </ClInclude>
    <ClInclude Include="include\Save\Sl2.h">
      <Filter>Header Files\Save</Filter>
    </ClInclude>
    <ClInclude Include="include\FileUtil.h">
      <Filter>Header Files</Filter>
    </ClInclude>
    <ClInclude Include="include\Ds1GameFileLib.h">
      <Filter>Header Files</Filter>
    </ClInclude>
    <ClInclude Include="include\Archive\Header.h">
      <Filter>Header Files\Archive</Filter>
    </ClInclude>
    <ClInclude Include="include\Param\Params.h">
      <Filter>Header Files\Param</Filter>
    </ClInclude>
    <ClInclude Include="include\Param\Draw\DofBank.h">
      <Filter>Header Files\Param\Draw</Filter>
    </ClInclude>
    <ClInclude Include="include\Param\CalcCorrect.h">
      <Filter>Header Files\Param</Filter>
    </ClInclude>
    <ClInclude Include="include\Param\EnemyStandardInfo.h">
      <Filter>Header Files\Param</Filter>
    </ClInclude>
    <ClInclude Include="include\Param\Draw\EnvLightTexBank.h">
      <Filter>Header Files\Param\Draw</Filter>
    </ClInclude>
    <ClInclude Include="include\Param\Accessory.h">
      <Filter>Header Files\Param</Filter>
    </ClInclude>
    <ClInclude Include="include\Param\Draw\FogBank.h">
      <Filter>Header Files\Param\Draw</Filter>
    </ClInclude>
    <ClInclude Include="include\Param\Draw\LightBank.h">
      <Filter>Header Files\Param\Draw</Filter>
    </ClInclude>
    <ClInclude Include="include\Param\Draw\PointLightBank.h">
      <Filter>Header Files\Param\Draw</Filter>
    </ClInclude>
    <ClInclude Include="include\Param\Draw\ToneCorrectBank.h">
      <Filter>Header Files\Param\Draw</Filter>
    </ClInclude>
    <ClInclude Include="include\Param\Draw\ToneMapBank.h">
      <Filter>Header Files\Param\Draw</Filter>
    </ClInclude>
    <ClInclude Include="include\Param\GameArea.h">
      <Filter>Header Files\Param</Filter>
    </ClInclude>
    <ClInclude Include="include\Param\Object.h">
      <Filter>Header Files\Param</Filter>
    </ClInclude>
    <ClInclude Include="include\Param\Ragdoll.h">
      <Filter>Header Files\Param</Filter>
    </ClInclude>
    <ClInclude Include="include\Param\ArmorReinforcement.h">
      <Filter>Header Files\Param</Filter>
    </ClInclude>
    <ClInclude Include="include\Param\WeaponReinforcement.h">
      <Filter>Header Files\Param</Filter>
    </ClInclude>
    <ClInclude Include="include\Param\Skeleton.h">
      <Filter>Header Files\Param</Filter>
    </ClInclude>
    <ClInclude Include="include\Asset\Animation\Tae.h">
      <Filter>Header Files\Asset\Animation</Filter>
    </ClInclude>
    <ClInclude Include="include\Save\Enum.h">
      <Filter>Header Files\Save</Filter>
    </ClInclude>
    <ClInclude Include="include\Param\AttackNpc.h">
      <Filter>Header Files\Param</Filter>
    </ClInclude>
    <ClInclude Include="include\Param\AttackPc.h">
      <Filter>Header Files\Param</Filter>
    </ClInclude>
    <ClInclude Include="include\Param\ObjectAction.h">
      <Filter>Header Files\Param</Filter>
    </ClInclude>
    <ClInclude Include="include\Param\QwcChange.h">
      <Filter>Header Files\Param</Filter>
    </ClInclude>
    <ClInclude Include="include\Param\QwcJudge.h">
      <Filter>Header Files\Param</Filter>
    </ClInclude>
    <ClInclude Include="include\Param\Talk.h">
      <Filter>Header Files\Param</Filter>
    </ClInclude>
    <ClInclude Include="include\Param\HitMaterial.h">
      <Filter>Header Files\Param</Filter>
    </ClInclude>
    <ClInclude Include="include\Param\KnockBack.h">
      <Filter>Header Files\Param</Filter>
    </ClInclude>
    <ClInclude Include="include\Param\LevelSync.h">
      <Filter>Header Files\Param</Filter>
    </ClInclude>
    <ClInclude Include="include\Param\CoolTime.h">
      <Filter>Header Files\Param</Filter>
    </ClInclude>
    <ClInclude Include="include\Param\WhiteCoolTime.h">
      <Filter>Header Files\Param</Filter>
    </ClInclude>
    <ClInclude Include="include\Param\FaceGeneration.h">
      <Filter>Header Files\Param</Filter>
    </ClInclude>
    <ClInclude Include="include\Param\Draw\LodBank.h">
      <Filter>Header Files\Param\Draw</Filter>
    </ClInclude>
    <ClInclude Include="include\Param\Draw\LensFlareBank.h">
      <Filter>Header Files\Param\Draw</Filter>
    </ClInclude>
    <ClInclude Include="include\Param\Draw\LensFlareExBank.h">
      <Filter>Header Files\Param\Draw</Filter>
    </ClInclude>
    <ClInclude Include="include\Param\Draw\LightScatteringBank.h">
      <Filter>Header Files\Param\Draw</Filter>
    </ClInclude>
    <ClInclude Include="include\Param\Draw\ShadowBank.h">
      <Filter>Header Files\Param\Draw</Filter>
    </ClInclude>
    <ClInclude Include="include\Save\aes.h">
      <Filter>Header Files\Save</Filter>
    </ClInclude>
  </ItemGroup>
  <ItemGroup>
    <MASM Include="src\Param\Params.asm">
      <Filter>Source Files\Param</Filter>
    </MASM>
  </ItemGroup>
</Project>